github.com/coder/websocket v1.8.12 h1:5bUXkEPPIbewrnkU8LTCLVaxi4N4J8ahufH2vlo4NAo=
github.com/coder/websocket v1.8.12/go.mod h1:LNVeNrXQZfe5qhS9ALED3uA+l5pPqvwXg3CKoDBB2gs=
github.com/lmas/mbaigo v0.0.0-20250123014631-ad869265483c h1:W+Jr5GQGKN4BiFOeAc6Uaq/Xc3k4/O5l+XzvsGlnlCQ=
github.com/lmas/mbaigo v0.0.0-20250123014631-ad869265483c/go.mod h1:Bfx9Uj0uiTT7BCzzlImMiRd6vMoPQdsZIHGMQOVjx80=
